
Microsoft Visual Studio Solution File, Format Version 12.00
Project("{FAE04EC0-301F-11D3-BF4B-00C04F79EFBC}") = "RestExample", "RestExample\RestExample.csproj", "{992B4782-9AF5-42AE-83D3-768F6B8E83C3}"
EndProject
Project("{FAE04EC0-301F-11D3-BF4B-00C04F79EFBC}") = "Facade", "Facade\Facade.csproj", "{2376BD5C-E963-4892-B75A-6272C2CF8FA5}"
EndProject
Project("{FAE04EC0-301F-11D3-BF4B-00C04F79EFBC}") = "Builder", "Builder\Builder.csproj", "{461B1B66-61E0-4D3E-B792-5A34E7FF5E1A}"
EndProject
Project("{FAE04EC0-301F-11D3-BF4B-00C04F79EFBC}") = "FactoryMethod", "FactoryMethod\FactoryMethod.csproj", "{6594E5D1-24DC-4E83-96B0-09E6E0A6201C}"
EndProject
Project("{FAE04EC0-301F-11D3-BF4B-00C04F79EFBC}") = "StrategyLogger", "StrategyLogger\StrategyLogger.csproj", "{6147F2E1-C50A-4CD7-BB6D-D8D47D70419F}"
EndProject
Project("{2150E333-8FDC-42A3-9474-1A3956D46DE8}") = "JsonRpc", "JsonRpc", "{60FAA66F-99BE-4292-82D0-9004B9C4FBBD}"
EndProject
Project("{2150E333-8FDC-42A3-9474-1A3956D46DE8}") = "Patterns", "Patterns", "{4F6CEB5F-B307-4833-B7CA-C0F4295BA029}"
EndProject
Project("{FAE04EC0-301F-11D3-BF4B-00C04F79EFBC}") = "JsonRpc", "JsonRpc\JsonRpc.csproj", "{C0BDE7BD-BCC2-48A4-A7A2-D030962F0A3A}"
EndProject
Project("{FAE04EC0-301F-11D3-BF4B-00C04F79EFBC}") = "JsonRpcTests", "JsonRpcTests\JsonRpcTests.csproj", "{81C502EE-0F6A-4377-9670-F981791D8664}"
EndProject
Project("{2150E333-8FDC-42A3-9474-1A3956D46DE8}") = "Redis", "Redis", "{F7AB157D-2CA3-4504-9B07-70591D762028}"
EndProject
Project("{FAE04EC0-301F-11D3-BF4B-00C04F79EFBC}") = "RedisCases", "RedisCases\RedisCases.csproj", "{71B6DBB8-48B9-4379-B21E-34B7BAEBCF48}"
EndProject
Project("{FAE04EC0-301F-11D3-BF4B-00C04F79EFBC}") = "PgElasticSync", "PgElasticSync\PgElasticSync.csproj", "{E89192B2-BA6F-4655-8164-BA4567C84355}"
EndProject
Project("{FAE04EC0-301F-11D3-BF4B-00C04F79EFBC}") = "AutofacApi", "AutofacApi\AutofacApi.csproj", "{483248D6-5C5D-4301-99F7-03BE9974D520}"
EndProject
Project("{2150E333-8FDC-42A3-9474-1A3956D46DE8}") = "Cache", "Cache", "{7B370431-86C6-46D8-AD57-0BED57778CE3}"
EndProject
Project("{FAE04EC0-301F-11D3-BF4B-00C04F79EFBC}") = "CustomCache", "CustomCache\CustomCache.csproj", "{2C0CBDBB-7A39-4498-B4BD-6686BCF63EE0}"
EndProject
Project("{FAE04EC0-301F-11D3-BF4B-00C04F79EFBC}") = "CustomCache.Tests", "CustomCache.Tests\CustomCache.Tests.csproj", "{CD8C0B6E-54DA-4963-A0CE-73ACA20026A8}"
EndProject
Project("{2150E333-8FDC-42A3-9474-1A3956D46DE8}") = "Autofac", "Autofac", "{362B15E6-29EC-45F0-B8CA-65E56ABA3B3D}"
EndProject
Project("{FAE04EC0-301F-11D3-BF4B-00C04F79EFBC}") = "AutofacLifeTimeEvents", "AutofacLifeTimeEvents\AutofacLifeTimeEvents.csproj", "{24B3D610-B89A-4079-A703-02B834E32DFD}"
EndProject
Global
	GlobalSection(SolutionConfigurationPlatforms) = preSolution
		Debug|Any CPU = Debug|Any CPU
		Release|Any CPU = Release|Any CPU
	EndGlobalSection
	GlobalSection(ProjectConfigurationPlatforms) = postSolution
		{992B4782-9AF5-42AE-83D3-768F6B8E83C3}.Debug|Any CPU.ActiveCfg = Debug|Any CPU
		{992B4782-9AF5-42AE-83D3-768F6B8E83C3}.Debug|Any CPU.Build.0 = Debug|Any CPU
		{992B4782-9AF5-42AE-83D3-768F6B8E83C3}.Release|Any CPU.ActiveCfg = Release|Any CPU
		{992B4782-9AF5-42AE-83D3-768F6B8E83C3}.Release|Any CPU.Build.0 = Release|Any CPU
		{2376BD5C-E963-4892-B75A-6272C2CF8FA5}.Debug|Any CPU.ActiveCfg = Debug|Any CPU
		{2376BD5C-E963-4892-B75A-6272C2CF8FA5}.Debug|Any CPU.Build.0 = Debug|Any CPU
		{2376BD5C-E963-4892-B75A-6272C2CF8FA5}.Release|Any CPU.ActiveCfg = Release|Any CPU
		{2376BD5C-E963-4892-B75A-6272C2CF8FA5}.Release|Any CPU.Build.0 = Release|Any CPU
		{461B1B66-61E0-4D3E-B792-5A34E7FF5E1A}.Debug|Any CPU.ActiveCfg = Debug|Any CPU
		{461B1B66-61E0-4D3E-B792-5A34E7FF5E1A}.Debug|Any CPU.Build.0 = Debug|Any CPU
		{461B1B66-61E0-4D3E-B792-5A34E7FF5E1A}.Release|Any CPU.ActiveCfg = Release|Any CPU
		{461B1B66-61E0-4D3E-B792-5A34E7FF5E1A}.Release|Any CPU.Build.0 = Release|Any CPU
		{6594E5D1-24DC-4E83-96B0-09E6E0A6201C}.Debug|Any CPU.ActiveCfg = Debug|Any CPU
		{6594E5D1-24DC-4E83-96B0-09E6E0A6201C}.Debug|Any CPU.Build.0 = Debug|Any CPU
		{6594E5D1-24DC-4E83-96B0-09E6E0A6201C}.Release|Any CPU.ActiveCfg = Release|Any CPU
		{6594E5D1-24DC-4E83-96B0-09E6E0A6201C}.Release|Any CPU.Build.0 = Release|Any CPU
		{6147F2E1-C50A-4CD7-BB6D-D8D47D70419F}.Debug|Any CPU.ActiveCfg = Debug|Any CPU
		{6147F2E1-C50A-4CD7-BB6D-D8D47D70419F}.Debug|Any CPU.Build.0 = Debug|Any CPU
		{6147F2E1-C50A-4CD7-BB6D-D8D47D70419F}.Release|Any CPU.ActiveCfg = Release|Any CPU
		{6147F2E1-C50A-4CD7-BB6D-D8D47D70419F}.Release|Any CPU.Build.0 = Release|Any CPU
		{C0BDE7BD-BCC2-48A4-A7A2-D030962F0A3A}.Debug|Any CPU.ActiveCfg = Debug|Any CPU
		{C0BDE7BD-BCC2-48A4-A7A2-D030962F0A3A}.Debug|Any CPU.Build.0 = Debug|Any CPU
		{C0BDE7BD-BCC2-48A4-A7A2-D030962F0A3A}.Release|Any CPU.ActiveCfg = Release|Any CPU
		{C0BDE7BD-BCC2-48A4-A7A2-D030962F0A3A}.Release|Any CPU.Build.0 = Release|Any CPU
		{81C502EE-0F6A-4377-9670-F981791D8664}.Debug|Any CPU.ActiveCfg = Debug|Any CPU
		{81C502EE-0F6A-4377-9670-F981791D8664}.Debug|Any CPU.Build.0 = Debug|Any CPU
		{81C502EE-0F6A-4377-9670-F981791D8664}.Release|Any CPU.ActiveCfg = Release|Any CPU
		{81C502EE-0F6A-4377-9670-F981791D8664}.Release|Any CPU.Build.0 = Release|Any CPU
		{71B6DBB8-48B9-4379-B21E-34B7BAEBCF48}.Debug|Any CPU.ActiveCfg = Debug|Any CPU
		{71B6DBB8-48B9-4379-B21E-34B7BAEBCF48}.Debug|Any CPU.Build.0 = Debug|Any CPU
		{71B6DBB8-48B9-4379-B21E-34B7BAEBCF48}.Release|Any CPU.ActiveCfg = Release|Any CPU
		{71B6DBB8-48B9-4379-B21E-34B7BAEBCF48}.Release|Any CPU.Build.0 = Release|Any CPU
		{E89192B2-BA6F-4655-8164-BA4567C84355}.Debug|Any CPU.ActiveCfg = Debug|Any CPU
		{E89192B2-BA6F-4655-8164-BA4567C84355}.Debug|Any CPU.Build.0 = Debug|Any CPU
		{E89192B2-BA6F-4655-8164-BA4567C84355}.Release|Any CPU.ActiveCfg = Release|Any CPU
		{E89192B2-BA6F-4655-8164-BA4567C84355}.Release|Any CPU.Build.0 = Release|Any CPU
		{483248D6-5C5D-4301-99F7-03BE9974D520}.Debug|Any CPU.ActiveCfg = Debug|Any CPU
		{483248D6-5C5D-4301-99F7-03BE9974D520}.Debug|Any CPU.Build.0 = Debug|Any CPU
		{483248D6-5C5D-4301-99F7-03BE9974D520}.Release|Any CPU.ActiveCfg = Release|Any CPU
		{483248D6-5C5D-4301-99F7-03BE9974D520}.Release|Any CPU.Build.0 = Release|Any CPU
		{2C0CBDBB-7A39-4498-B4BD-6686BCF63EE0}.Debug|Any CPU.ActiveCfg = Debug|Any CPU
		{2C0CBDBB-7A39-4498-B4BD-6686BCF63EE0}.Debug|Any CPU.Build.0 = Debug|Any CPU
		{2C0CBDBB-7A39-4498-B4BD-6686BCF63EE0}.Release|Any CPU.ActiveCfg = Release|Any CPU
		{2C0CBDBB-7A39-4498-B4BD-6686BCF63EE0}.Release|Any CPU.Build.0 = Release|Any CPU
		{CD8C0B6E-54DA-4963-A0CE-73ACA20026A8}.Debug|Any CPU.ActiveCfg = Debug|Any CPU
		{CD8C0B6E-54DA-4963-A0CE-73ACA20026A8}.Debug|Any CPU.Build.0 = Debug|Any CPU
		{CD8C0B6E-54DA-4963-A0CE-73ACA20026A8}.Release|Any CPU.ActiveCfg = Release|Any CPU
		{CD8C0B6E-54DA-4963-A0CE-73ACA20026A8}.Release|Any CPU.Build.0 = Release|Any CPU
		{24B3D610-B89A-4079-A703-02B834E32DFD}.Debug|Any CPU.ActiveCfg = Debug|Any CPU
		{24B3D610-B89A-4079-A703-02B834E32DFD}.Debug|Any CPU.Build.0 = Debug|Any CPU
		{24B3D610-B89A-4079-A703-02B834E32DFD}.Release|Any CPU.ActiveCfg = Release|Any CPU
		{24B3D610-B89A-4079-A703-02B834E32DFD}.Release|Any CPU.Build.0 = Release|Any CPU
	EndGlobalSection
	GlobalSection(NestedProjects) = preSolution
		{461B1B66-61E0-4D3E-B792-5A34E7FF5E1A} = {4F6CEB5F-B307-4833-B7CA-C0F4295BA029}
		{2376BD5C-E963-4892-B75A-6272C2CF8FA5} = {4F6CEB5F-B307-4833-B7CA-C0F4295BA029}
		{6594E5D1-24DC-4E83-96B0-09E6E0A6201C} = {4F6CEB5F-B307-4833-B7CA-C0F4295BA029}
		{6147F2E1-C50A-4CD7-BB6D-D8D47D70419F} = {4F6CEB5F-B307-4833-B7CA-C0F4295BA029}
		{C0BDE7BD-BCC2-48A4-A7A2-D030962F0A3A} = {60FAA66F-99BE-4292-82D0-9004B9C4FBBD}
		{81C502EE-0F6A-4377-9670-F981791D8664} = {60FAA66F-99BE-4292-82D0-9004B9C4FBBD}
		{71B6DBB8-48B9-4379-B21E-34B7BAEBCF48} = {F7AB157D-2CA3-4504-9B07-70591D762028}
		{2C0CBDBB-7A39-4498-B4BD-6686BCF63EE0} = {7B370431-86C6-46D8-AD57-0BED57778CE3}
		{CD8C0B6E-54DA-4963-A0CE-73ACA20026A8} = {7B370431-86C6-46D8-AD57-0BED57778CE3}
		{483248D6-5C5D-4301-99F7-03BE9974D520} = {362B15E6-29EC-45F0-B8CA-65E56ABA3B3D}
		{24B3D610-B89A-4079-A703-02B834E32DFD} = {362B15E6-29EC-45F0-B8CA-65E56ABA3B3D}
	EndGlobalSection
EndGlobal
